
Microsoft Visual Studio Solution File, Format Version 12.00
# Visual Studio 15
VisualStudioVersion = 15.0.28307.1401
MinimumVisualStudioVersion = 10.0.40219.1
Project("{8BC9CEB8-8B4A-11D0-8D11-00A0C91BC942}") = "picnic", "picnic\picnic.vcxproj", "{6518E038-660C-47E8-80ED-3AE6FFC85DDA}"
EndProject
Project("{8BC9CEB8-8B4A-11D0-8D11-00A0C91BC942}") = "picnic_solution", "picnic_solution\picnic_solution.vcxproj", "{2EE51F32-A2A2-4E0D-9BC6-0A32859BB047}"
EndProject
Global
	GlobalSection(SolutionConfigurationPlatforms) = preSolution
		Debug|x64 = Debug|x64
		Debug|x86 = Debug|x86
		Release|x64 = Release|x64
		Release|x86 = Release|x86
	EndGlobalSection
	GlobalSection(ProjectConfigurationPlatforms) = postSolution
		{6518E038-660C-47E8-80ED-3AE6FFC85DDA}.Debug|x64.ActiveCfg = Debug|x64
		{6518E038-660C-47E8-80ED-3AE6FFC85DDA}.Debug|x64.Build.0 = Debug|x64
		{6518E038-660C-47E8-80ED-3AE6FFC85DDA}.Debug|x86.ActiveCfg = Debug|Win32
		{6518E038-660C-47E8-80ED-3AE6FFC85DDA}.Debug|x86.Build.0 = Debug|Win32
		{6518E038-660C-47E8-80ED-3AE6FFC85DDA}.Release|x64.ActiveCfg = Release|x64
		{6518E038-660C-47E8-80ED-3AE6FFC85DDA}.Release|x64.Build.0 = Release|x64
		{6518E038-660C-47E8-80ED-3AE6FFC85DDA}.Release|x86.ActiveCfg = Release|Win32
		{6518E038-660C-47E8-80ED-3AE6FFC85DDA}.Release|x86.Build.0 = Release|Win32
		{2EE51F32-A2A2-4E0D-9BC6-0A32859BB047}.Debug|x64.ActiveCfg = Debug|x64
		{2EE51F32-A2A2-4E0D-9BC6-0A32859BB047}.Debug|x64.Build.0 = Debug|x64
		{2EE51F32-A2A2-4E0D-9BC6-0A32859BB047}.Debug|x86.ActiveCfg = Debug|Win32
		{2EE51F32-A2A2-4E0D-9BC6-0A32859BB047}.Debug|x86.Build.0 = Debug|Win32
		{2EE51F32-A2A2-4E0D-9BC6-0A32859BB047}.Release|x64.ActiveCfg = Release|x64
		{2EE51F32-A2A2-4E0D-9BC6-0A32859BB047}.Release|x64.Build.0 = Release|x64
		{2EE51F32-A2A2-4E0D-9BC6-0A32859BB047}.Release|x86.ActiveCfg = Release|Win32
		{2EE51F32-A2A2-4E0D-9BC6-0A32859BB047}.Release|x86.Build.0 = Release|Win32
	EndGlobalSection
	GlobalSection(SolutionProperties) = preSolution
		HideSolutionNode = FALSE
	EndGlobalSection
	GlobalSection(ExtensibilityGlobals) = postSolution
		SolutionGuid = {5C11195E-1CDA-4020-A22D-D18F3A2BA6AB}
	EndGlobalSection
EndGlobal
