
Microsoft Visual Studio Solution File, Format Version 12.00
# Visual Studio 15
VisualStudioVersion = 15.0.28307.1401
MinimumVisualStudioVersion = 10.0.40219.1
Project("{8BC9CEB8-8B4A-11D0-8D11-00A0C91BC942}") = "boardcover", "boardcover\boardcover.vcxproj", "{E746A2D2-0894-4EE2-8638-6CD32C440424}"
EndProject
Project("{8BC9CEB8-8B4A-11D0-8D11-00A0C91BC942}") = "boardcover_solution", "boardcover_solution\boardcover_solution.vcxproj", "{2FDE4055-BDB8-4CB4-8B0C-7DBE6002A141}"
EndProject
Global
	GlobalSection(SolutionConfigurationPlatforms) = preSolution
		Debug|x64 = Debug|x64
		Debug|x86 = Debug|x86
		Release|x64 = Release|x64
		Release|x86 = Release|x86
	EndGlobalSection
	GlobalSection(ProjectConfigurationPlatforms) = postSolution
		{E746A2D2-0894-4EE2-8638-6CD32C440424}.Debug|x64.ActiveCfg = Debug|x64
		{E746A2D2-0894-4EE2-8638-6CD32C440424}.Debug|x64.Build.0 = Debug|x64
		{E746A2D2-0894-4EE2-8638-6CD32C440424}.Debug|x86.ActiveCfg = Debug|Win32
		{E746A2D2-0894-4EE2-8638-6CD32C440424}.Debug|x86.Build.0 = Debug|Win32
		{E746A2D2-0894-4EE2-8638-6CD32C440424}.Release|x64.ActiveCfg = Release|x64
		{E746A2D2-0894-4EE2-8638-6CD32C440424}.Release|x64.Build.0 = Release|x64
		{E746A2D2-0894-4EE2-8638-6CD32C440424}.Release|x86.ActiveCfg = Release|Win32
		{E746A2D2-0894-4EE2-8638-6CD32C440424}.Release|x86.Build.0 = Release|Win32
		{2FDE4055-BDB8-4CB4-8B0C-7DBE6002A141}.Debug|x64.ActiveCfg = Debug|x64
		{2FDE4055-BDB8-4CB4-8B0C-7DBE6002A141}.Debug|x64.Build.0 = Debug|x64
		{2FDE4055-BDB8-4CB4-8B0C-7DBE6002A141}.Debug|x86.ActiveCfg = Debug|Win32
		{2FDE4055-BDB8-4CB4-8B0C-7DBE6002A141}.Debug|x86.Build.0 = Debug|Win32
		{2FDE4055-BDB8-4CB4-8B0C-7DBE6002A141}.Release|x64.ActiveCfg = Release|x64
		{2FDE4055-BDB8-4CB4-8B0C-7DBE6002A141}.Release|x64.Build.0 = Release|x64
		{2FDE4055-BDB8-4CB4-8B0C-7DBE6002A141}.Release|x86.ActiveCfg = Release|Win32
		{2FDE4055-BDB8-4CB4-8B0C-7DBE6002A141}.Release|x86.Build.0 = Release|Win32
	EndGlobalSection
	GlobalSection(SolutionProperties) = preSolution
		HideSolutionNode = FALSE
	EndGlobalSection
	GlobalSection(ExtensibilityGlobals) = postSolution
		SolutionGuid = {D09496B6-1AB9-46DC-8976-B82CA1F2F181}
	EndGlobalSection
EndGlobal
